
Microsoft Visual Studio Solution File, Format Version 12.00
# Visual Studio 15
VisualStudioVersion = 15.0.28010.2046
MinimumVisualStudioVersion = 10.0.40219.1
Project("{FAE04EC0-301F-11D3-BF4B-00C04F79EFBC}") = "Tasklist", "Tasklist\Tasklist.csproj", "{9CD7E7A1-3ECA-4CD9-8FDB-843F6E888CF1}"
EndProject
Project("{FAE04EC0-301F-11D3-BF4B-00C04F79EFBC}") = "Library", "Library\Library.csproj", "{35D9AED6-B273-4790-B530-FCC1FFCAC054}"
EndProject
Global
	GlobalSection(SolutionConfigurationPlatforms) = preSolution
		Debug|Any CPU = Debug|Any CPU
		Debug|ARM = Debug|ARM
		Debug|x64 = Debug|x64
		Debug|x86 = Debug|x86
		Release|Any CPU = Release|Any CPU
		Release|ARM = Release|ARM
		Release|x64 = Release|x64
		Release|x86 = Release|x86
	EndGlobalSection
	GlobalSection(ProjectConfigurationPlatforms) = postSolution
		{9CD7E7A1-3ECA-4CD9-8FDB-843F6E888CF1}.Debug|Any CPU.ActiveCfg = Debug|Any CPU
		{9CD7E7A1-3ECA-4CD9-8FDB-843F6E888CF1}.Debug|Any CPU.Build.0 = Debug|Any CPU
		{9CD7E7A1-3ECA-4CD9-8FDB-843F6E888CF1}.Debug|ARM.ActiveCfg = Debug|Any CPU
		{9CD7E7A1-3ECA-4CD9-8FDB-843F6E888CF1}.Debug|ARM.Build.0 = Debug|Any CPU
		{9CD7E7A1-3ECA-4CD9-8FDB-843F6E888CF1}.Debug|x64.ActiveCfg = Debug|Any CPU
		{9CD7E7A1-3ECA-4CD9-8FDB-843F6E888CF1}.Debug|x64.Build.0 = Debug|Any CPU
		{9CD7E7A1-3ECA-4CD9-8FDB-843F6E888CF1}.Debug|x86.ActiveCfg = Debug|Any CPU
		{9CD7E7A1-3ECA-4CD9-8FDB-843F6E888CF1}.Debug|x86.Build.0 = Debug|Any CPU
		{9CD7E7A1-3ECA-4CD9-8FDB-843F6E888CF1}.Release|Any CPU.ActiveCfg = Release|Any CPU
		{9CD7E7A1-3ECA-4CD9-8FDB-843F6E888CF1}.Release|Any CPU.Build.0 = Release|Any CPU
		{9CD7E7A1-3ECA-4CD9-8FDB-843F6E888CF1}.Release|ARM.ActiveCfg = Release|Any CPU
		{9CD7E7A1-3ECA-4CD9-8FDB-843F6E888CF1}.Release|ARM.Build.0 = Release|Any CPU
		{9CD7E7A1-3ECA-4CD9-8FDB-843F6E888CF1}.Release|x64.ActiveCfg = Release|Any CPU
		{9CD7E7A1-3ECA-4CD9-8FDB-843F6E888CF1}.Release|x64.Build.0 = Release|Any CPU
		{9CD7E7A1-3ECA-4CD9-8FDB-843F6E888CF1}.Release|x86.ActiveCfg = Release|Any CPU
		{9CD7E7A1-3ECA-4CD9-8FDB-843F6E888CF1}.Release|x86.Build.0 = Release|Any CPU
		{35D9AED6-B273-4790-B530-FCC1FFCAC054}.Debug|Any CPU.ActiveCfg = Debug|Any CPU
		{35D9AED6-B273-4790-B530-FCC1FFCAC054}.Debug|Any CPU.Build.0 = Debug|Any CPU
		{35D9AED6-B273-4790-B530-FCC1FFCAC054}.Debug|ARM.ActiveCfg = Debug|Any CPU
		{35D9AED6-B273-4790-B530-FCC1FFCAC054}.Debug|ARM.Build.0 = Debug|Any CPU
		{35D9AED6-B273-4790-B530-FCC1FFCAC054}.Debug|x64.ActiveCfg = Debug|Any CPU
		{35D9AED6-B273-4790-B530-FCC1FFCAC054}.Debug|x64.Build.0 = Debug|Any CPU
		{35D9AED6-B273-4790-B530-FCC1FFCAC054}.Debug|x86.ActiveCfg = Debug|Any CPU
		{35D9AED6-B273-4790-B530-FCC1FFCAC054}.Debug|x86.Build.0 = Debug|Any CPU
		{35D9AED6-B273-4790-B530-FCC1FFCAC054}.Release|Any CPU.ActiveCfg = Release|Any CPU
		{35D9AED6-B273-4790-B530-FCC1FFCAC054}.Release|Any CPU.Build.0 = Release|Any CPU
		{35D9AED6-B273-4790-B530-FCC1FFCAC054}.Release|ARM.ActiveCfg = Release|Any CPU
		{35D9AED6-B273-4790-B530-FCC1FFCAC054}.Release|ARM.Build.0 = Release|Any CPU
		{35D9AED6-B273-4790-B530-FCC1FFCAC054}.Release|x64.ActiveCfg = Release|Any CPU
		{35D9AED6-B273-4790-B530-FCC1FFCAC054}.Release|x64.Build.0 = Release|Any CPU
		{35D9AED6-B273-4790-B530-FCC1FFCAC054}.Release|x86.ActiveCfg = Release|Any CPU
		{35D9AED6-B273-4790-B530-FCC1FFCAC054}.Release|x86.Build.0 = Release|Any CPU
	EndGlobalSection
	GlobalSection(SolutionProperties) = preSolution
		HideSolutionNode = FALSE
	EndGlobalSection
	GlobalSection(ExtensibilityGlobals) = postSolution
		SolutionGuid = {D4465757-9A4C-40B3-8FF6-4EA36D259980}
	EndGlobalSection
EndGlobal
